
Microsoft Visual Studio Solution File, Format Version 12.00
# Visual Studio Version 17
VisualStudioVersion = 17.9.34701.34
MinimumVisualStudioVersion = 10.0.40219.1
Project("{FAE04EC0-301F-11D3-BF4B-00C04F79EFBC}") = "GeneralAppCore.EF", "GeneralAppCore.EF\GeneralAppCore.EF.csproj", "{0F5E27BB-CFF8-4613-99AA-D83678C06402}"
EndProject
Global
	GlobalSection(SolutionConfigurationPlatforms) = preSolution
		Debug|Any CPU = Debug|Any CPU
		Release|Any CPU = Release|Any CPU
	EndGlobalSection
	GlobalSection(ProjectConfigurationPlatforms) = postSolution
		{0F5E27BB-CFF8-4613-99AA-D83678C06402}.Debug|Any CPU.ActiveCfg = Debug|Any CPU
		{0F5E27BB-CFF8-4613-99AA-D83678C06402}.Debug|Any CPU.Build.0 = Debug|Any CPU
		{0F5E27BB-CFF8-4613-99AA-D83678C06402}.Release|Any CPU.ActiveCfg = Release|Any CPU
		{0F5E27BB-CFF8-4613-99AA-D83678C06402}.Release|Any CPU.Build.0 = Release|Any CPU
	EndGlobalSection
	GlobalSection(SolutionProperties) = preSolution
		HideSolutionNode = FALSE
	EndGlobalSection
	GlobalSection(ExtensibilityGlobals) = postSolution
		SolutionGuid = {EB1D363C-C91D-4B21-B654-979EA66753A6}
	EndGlobalSection
EndGlobal
